
Microsoft Visual Studio Solution File, Format Version 12.00
# Visual Studio Version 17
VisualStudioVersion = 17.6.33815.320
MinimumVisualStudioVersion = 10.0.40219.1
Project("{2150E333-8FDC-42A3-9474-1A3956D46DE8}") = "Services", "Services", "{46EEA9F1-8075-41D5-95B4-23C1DABEA8DD}"
EndProject
Project("{2150E333-8FDC-42A3-9474-1A3956D46DE8}") = "Catalog", "Catalog", "{7DF74E0C-F414-428B-80E2-79ECD91870ED}"
EndProject
Project("{9A19103F-16F7-4668-BE54-9A1E7A4F7556}") = "Catalog.API", "Services\Catalog\Catalog.API\Catalog.API.csproj", "{DC047449-A011-41A1-98E0-6DC83E702CA9}"
EndProject
Project("{E53339B2-1760-4266-BCC7-CA923CBCF16C}") = "docker-compose", "docker-compose.dcproj", "{B4D3A587-951C-4714-8A01-487FEC081A49}"
EndProject
Project("{2150E333-8FDC-42A3-9474-1A3956D46DE8}") = "Basket", "Basket", "{7D965234-B926-4BF5-A801-ADA91E69104A}"
EndProject
Project("{9A19103F-16F7-4668-BE54-9A1E7A4F7556}") = "Basket.API", "Services\Basket\Basket.API\Basket.API.csproj", "{C4FCE54B-0B76-4801-AD78-66693148F56D}"
EndProject
Project("{2150E333-8FDC-42A3-9474-1A3956D46DE8}") = "Discount", "Discount", "{E684367C-E5B4-4213-B20A-C9D94B1BF2E0}"
EndProject
Project("{9A19103F-16F7-4668-BE54-9A1E7A4F7556}") = "Discount.API", "Services\Discount\Discount.API\Discount.API.csproj", "{84E36CD8-8F28-4B4F-B77D-8C0C66CDC6E4}"
EndProject
Project("{FAE04EC0-301F-11D3-BF4B-00C04F79EFBC}") = "Discount.gRPC", "Services\Discount\Discount.gRPC\Discount.gRPC.csproj", "{D24E881F-43F5-4F0F-90C5-6A3669464642}"
EndProject
Global
	GlobalSection(SolutionConfigurationPlatforms) = preSolution
		Debug|Any CPU = Debug|Any CPU
		Release|Any CPU = Release|Any CPU
	EndGlobalSection
	GlobalSection(ProjectConfigurationPlatforms) = postSolution
		{DC047449-A011-41A1-98E0-6DC83E702CA9}.Debug|Any CPU.ActiveCfg = Debug|Any CPU
		{DC047449-A011-41A1-98E0-6DC83E702CA9}.Debug|Any CPU.Build.0 = Debug|Any CPU
		{DC047449-A011-41A1-98E0-6DC83E702CA9}.Release|Any CPU.ActiveCfg = Release|Any CPU
		{DC047449-A011-41A1-98E0-6DC83E702CA9}.Release|Any CPU.Build.0 = Release|Any CPU
		{B4D3A587-951C-4714-8A01-487FEC081A49}.Debug|Any CPU.ActiveCfg = Debug|Any CPU
		{B4D3A587-951C-4714-8A01-487FEC081A49}.Debug|Any CPU.Build.0 = Debug|Any CPU
		{B4D3A587-951C-4714-8A01-487FEC081A49}.Release|Any CPU.ActiveCfg = Release|Any CPU
		{B4D3A587-951C-4714-8A01-487FEC081A49}.Release|Any CPU.Build.0 = Release|Any CPU
		{C4FCE54B-0B76-4801-AD78-66693148F56D}.Debug|Any CPU.ActiveCfg = Debug|Any CPU
		{C4FCE54B-0B76-4801-AD78-66693148F56D}.Debug|Any CPU.Build.0 = Debug|Any CPU
		{C4FCE54B-0B76-4801-AD78-66693148F56D}.Release|Any CPU.ActiveCfg = Release|Any CPU
		{C4FCE54B-0B76-4801-AD78-66693148F56D}.Release|Any CPU.Build.0 = Release|Any CPU
		{84E36CD8-8F28-4B4F-B77D-8C0C66CDC6E4}.Debug|Any CPU.ActiveCfg = Debug|Any CPU
		{84E36CD8-8F28-4B4F-B77D-8C0C66CDC6E4}.Debug|Any CPU.Build.0 = Debug|Any CPU
		{84E36CD8-8F28-4B4F-B77D-8C0C66CDC6E4}.Release|Any CPU.ActiveCfg = Release|Any CPU
		{84E36CD8-8F28-4B4F-B77D-8C0C66CDC6E4}.Release|Any CPU.Build.0 = Release|Any CPU
		{D24E881F-43F5-4F0F-90C5-6A3669464642}.Debug|Any CPU.ActiveCfg = Debug|Any CPU
		{D24E881F-43F5-4F0F-90C5-6A3669464642}.Debug|Any CPU.Build.0 = Debug|Any CPU
		{D24E881F-43F5-4F0F-90C5-6A3669464642}.Release|Any CPU.ActiveCfg = Release|Any CPU
		{D24E881F-43F5-4F0F-90C5-6A3669464642}.Release|Any CPU.Build.0 = Release|Any CPU
	EndGlobalSection
	GlobalSection(SolutionProperties) = preSolution
		HideSolutionNode = FALSE
	EndGlobalSection
	GlobalSection(NestedProjects) = preSolution
		{7DF74E0C-F414-428B-80E2-79ECD91870ED} = {46EEA9F1-8075-41D5-95B4-23C1DABEA8DD}
		{DC047449-A011-41A1-98E0-6DC83E702CA9} = {7DF74E0C-F414-428B-80E2-79ECD91870ED}
		{7D965234-B926-4BF5-A801-ADA91E69104A} = {46EEA9F1-8075-41D5-95B4-23C1DABEA8DD}
		{C4FCE54B-0B76-4801-AD78-66693148F56D} = {7D965234-B926-4BF5-A801-ADA91E69104A}
		{E684367C-E5B4-4213-B20A-C9D94B1BF2E0} = {46EEA9F1-8075-41D5-95B4-23C1DABEA8DD}
		{84E36CD8-8F28-4B4F-B77D-8C0C66CDC6E4} = {E684367C-E5B4-4213-B20A-C9D94B1BF2E0}
		{D24E881F-43F5-4F0F-90C5-6A3669464642} = {7DF74E0C-F414-428B-80E2-79ECD91870ED}
	EndGlobalSection
	GlobalSection(ExtensibilityGlobals) = postSolution
		SolutionGuid = {E06111D8-12B3-485A-880F-993191C94FA5}
	EndGlobalSection
EndGlobal
